
Microsoft Visual Studio Solution File, Format Version 12.00
# Visual Studio Version 17
VisualStudioVersion = 17.10.35027.167
MinimumVisualStudioVersion = 10.0.40219.1
Project("{FAE04EC0-301F-11D3-BF4B-00C04F79EFBC}") = "MisCuentas", "MisCuentas\MisCuentas.csproj", "{726621AF-F5D0-4A3B-B00D-C26035321D8E}"
EndProject
Global
	GlobalSection(SolutionConfigurationPlatforms) = preSolution
		Debug|Any CPU = Debug|Any CPU
		Release|Any CPU = Release|Any CPU
	EndGlobalSection
	GlobalSection(ProjectConfigurationPlatforms) = postSolution
		{726621AF-F5D0-4A3B-B00D-C26035321D8E}.Debug|Any CPU.ActiveCfg = Debug|Any CPU
		{726621AF-F5D0-4A3B-B00D-C26035321D8E}.Debug|Any CPU.Build.0 = Debug|Any CPU
		{726621AF-F5D0-4A3B-B00D-C26035321D8E}.Debug|Any CPU.Deploy.0 = Debug|Any CPU
		{726621AF-F5D0-4A3B-B00D-C26035321D8E}.Release|Any CPU.ActiveCfg = Release|Any CPU
		{726621AF-F5D0-4A3B-B00D-C26035321D8E}.Release|Any CPU.Build.0 = Release|Any CPU
		{726621AF-F5D0-4A3B-B00D-C26035321D8E}.Release|Any CPU.Deploy.0 = Release|Any CPU
	EndGlobalSection
	GlobalSection(SolutionProperties) = preSolution
		HideSolutionNode = FALSE
	EndGlobalSection
	GlobalSection(ExtensibilityGlobals) = postSolution
		SolutionGuid = {FAE78441-2A93-4A9B-A752-AA1F7A4E4514}
	EndGlobalSection
EndGlobal
